
Microsoft Visual Studio Solution File, Format Version 12.00
# Visual Studio Version 17
VisualStudioVersion = 17.4.33213.308
MinimumVisualStudioVersion = 10.0.40219.1
Project("{8BC9CEB8-8B4A-11D0-8D11-00A0C91BC942}") = "funzioniricorsive", "funzioniricorsive.vcxproj", "{E9D4C32A-CBCE-4C57-9FA8-7478F589BEBB}"
EndProject
Global
	GlobalSection(SolutionConfigurationPlatforms) = preSolution
		Debug|x64 = Debug|x64
		Debug|x86 = Debug|x86
		Release|x64 = Release|x64
		Release|x86 = Release|x86
	EndGlobalSection
	GlobalSection(ProjectConfigurationPlatforms) = postSolution
		{E9D4C32A-CBCE-4C57-9FA8-7478F589BEBB}.Debug|x64.ActiveCfg = Debug|x64
		{E9D4C32A-CBCE-4C57-9FA8-7478F589BEBB}.Debug|x64.Build.0 = Debug|x64
		{E9D4C32A-CBCE-4C57-9FA8-7478F589BEBB}.Debug|x86.ActiveCfg = Debug|Win32
		{E9D4C32A-CBCE-4C57-9FA8-7478F589BEBB}.Debug|x86.Build.0 = Debug|Win32
		{E9D4C32A-CBCE-4C57-9FA8-7478F589BEBB}.Release|x64.ActiveCfg = Release|x64
		{E9D4C32A-CBCE-4C57-9FA8-7478F589BEBB}.Release|x64.Build.0 = Release|x64
		{E9D4C32A-CBCE-4C57-9FA8-7478F589BEBB}.Release|x86.ActiveCfg = Release|Win32
		{E9D4C32A-CBCE-4C57-9FA8-7478F589BEBB}.Release|x86.Build.0 = Release|Win32
	EndGlobalSection
	GlobalSection(SolutionProperties) = preSolution
		HideSolutionNode = FALSE
	EndGlobalSection
	GlobalSection(ExtensibilityGlobals) = postSolution
		SolutionGuid = {0A837C11-E0B5-4D55-AD78-84A58756FB6C}
	EndGlobalSection
EndGlobal
